
Microsoft Visual Studio Solution File, Format Version 11.00
# Visual Studio 2010
Project("{FAE04EC0-301F-11D3-BF4B-00C04F79EFBC}") = "SIAT.Services.Shared", "SIAT.Services\SIAT.Services.Shared.csproj", "{6E0C571F-7BBD-4B27-A174-D849E1E7D814}"
EndProject
Project("{2150E333-8FDC-42A3-9474-1A3956D46DE8}") = "Core", "Core", "{686900F5-8B1D-4938-873C-F0FAA98FEC6B}"
EndProject
Project("{2150E333-8FDC-42A3-9474-1A3956D46DE8}") = "Modules", "Modules", "{A21C6C38-ED20-4463-BC71-91A288C701ED}"
EndProject
Project("{2150E333-8FDC-42A3-9474-1A3956D46DE8}") = "Tests", "Tests", "{C7C8F990-0793-4E1A-9C40-5891F8A483F5}"
EndProject
Project("{FAE04EC0-301F-11D3-BF4B-00C04F79EFBC}") = "SIAT.DAL", "SIAT.DAL\SIAT.DAL.csproj", "{29E4429F-6D17-4685-BC86-961A7B655D0D}"
EndProject
Project("{2150E333-8FDC-42A3-9474-1A3956D46DE8}") = "Solution Items", "Solution Items", "{DD896952-4AE7-4929-8793-E17AD751793C}"
	ProjectSection(SolutionItems) = preProject
		Local.testsettings = Local.testsettings
		SIAT.vsmdi = SIAT.vsmdi
		TraceAndTestImpact.testsettings = TraceAndTestImpact.testsettings
	EndProjectSection
EndProject
Project("{FAE04EC0-301F-11D3-BF4B-00C04F79EFBC}") = "SIAT.PhoneApp", "SIAT.PhoneApp\SIAT.PhoneApp.csproj", "{0B42E3A0-E1DD-4BE1-AAA8-7994DF0A1A81}"
EndProject
Project("{FAE04EC0-301F-11D3-BF4B-00C04F79EFBC}") = "SIAT.WebApplication", "SIAT.WebApplication\SIAT.WebApplication.csproj", "{4D6C949D-4547-4582-A6BD-03A78C68FEAC}"
EndProject
Project("{FAE04EC0-301F-11D3-BF4B-00C04F79EFBC}") = "SIAT.SilverlightApplication", "SIAT.SilverlightApplication\SIAT.SilverlightApplication.csproj", "{9E12BA09-FF99-42F1-BE73-9CC7A6E80E95}"
EndProject
Project("{2150E333-8FDC-42A3-9474-1A3956D46DE8}") = "WP7", "WP7", "{322F06B3-386D-49D0-A4F5-B5D6E81B71BA}"
EndProject
Project("{FAE04EC0-301F-11D3-BF4B-00C04F79EFBC}") = "SIAT.WP7.Shared", "WP7\SIAT.WP7.Shared\SIAT.WP7.Shared.csproj", "{E2F44D39-CE68-4691-BB64-69F011E8B437}"
EndProject
Project("{FAE04EC0-301F-11D3-BF4B-00C04F79EFBC}") = "SIAT.WP7.NotificationService", "WP7\SIAT.WP7.NotificationService\SIAT.WP7.NotificationService.csproj", "{D1721A25-B9F1-4ACC-B51C-9A2BBBC6DC54}"
EndProject
Project("{FAE04EC0-301F-11D3-BF4B-00C04F79EFBC}") = "SIAT.WP7.Service", "WP7\SIAT.WP7.Service\SIAT.WP7.Service.csproj", "{2EE0695E-1C2B-48A3-ABDF-739904A98DC2}"
EndProject
Project("{FAE04EC0-301F-11D3-BF4B-00C04F79EFBC}") = "SIAT.Worker", "SIAT.BL.Worker\SIAT.Worker.csproj", "{18B4DD23-5177-4F67-8AEB-06E8E6C68D23}"
EndProject
Project("{2150E333-8FDC-42A3-9474-1A3956D46DE8}") = "Operations", "Operations", "{C128D6D4-015E-4BCB-ABC5-A99131A1E928}"
EndProject
Project("{FAE04EC0-301F-11D3-BF4B-00C04F79EFBC}") = "SIAT.Operations", "SIAT.Operations\SIAT.Operations.csproj", "{9245631A-C848-4D54-9EAB-42F53431B9C3}"
EndProject
Project("{2150E333-8FDC-42A3-9474-1A3956D46DE8}") = "SIAT.Service", "SIAT.Service", "{26A40FB3-C0ED-40B7-B894-25BB8595B373}"
EndProject
Project("{FAE04EC0-301F-11D3-BF4B-00C04F79EFBC}") = "SIAT.Service", "SIAT.Service\SIAT.Service.csproj", "{DCDA7AEA-0914-4DAC-BFDB-03ACDD392A64}"
EndProject
Project("{FAE04EC0-301F-11D3-BF4B-00C04F79EFBC}") = "SIAT.Service.Contract", "SIAT.Service.Contract\SIAT.Service.Contract.csproj", "{2BA957E7-423B-47E9-BA80-946F71A5B9B3}"
EndProject
Project("{FAE04EC0-301F-11D3-BF4B-00C04F79EFBC}") = "SIAT.Monitor", "SIAT.Monitor\SIAT.Monitor.csproj", "{46C77A61-7F86-4CBB-988E-D128619F6D7E}"
EndProject
Project("{2150E333-8FDC-42A3-9474-1A3956D46DE8}") = "Website", "Website", "{413013F7-999A-4859-9D09-E71168600978}"
EndProject
Project("{2150E333-8FDC-42A3-9474-1A3956D46DE8}") = "Solution Items", "Solution Items", "{DD896952-4AE7-4929-8793-E17AD751793C}"
	ProjectSection(SolutionItems) = preProject
		Local.testsettings = Local.testsettings
		SIAT.vsmdi = SIAT.vsmdi
		TraceAndTestImpact.testsettings = TraceAndTestImpact.testsettings
	EndProjectSection
EndProject
Project("{2150E333-8FDC-42A3-9474-1A3956D46DE8}") = "Shared", "Shared", "{9F6D586F-5632-42AB-A462-DBE963B1831A}"
EndProject
Project("{FAE04EC0-301F-11D3-BF4B-00C04F79EFBC}") = "SIAT.DAL.Shared", "SIAT.DAL.Shared\SIAT.DAL.Shared.csproj", "{C13CFC0E-4962-459F-A322-18B273765553}"
EndProject
Project("{2150E333-8FDC-42A3-9474-1A3956D46DE8}") = "User", "User", "{AB1118BC-D3E7-4936-BC0C-0200751B32DF}"
EndProject
Project("{FAE04EC0-301F-11D3-BF4B-00C04F79EFBC}") = "SIAT.UserInfo", "SIAT.UserInfo\SIAT.UserInfo.csproj", "{B788143F-F242-42DB-9714-EC66A53DC1DD}"
EndProject
Project("{FAE04EC0-301F-11D3-BF4B-00C04F79EFBC}") = "SIAT.UserInfo.Contract", "SIAT.UserInfo.Contract\SIAT.UserInfo.Contract.csproj", "{F54D9104-C9A8-4190-964A-11BFBEB87DFC}"
EndProject
Project("{FAE04EC0-301F-11D3-BF4B-00C04F79EFBC}") = "SIAT.UserInfo.DAL", "SIAT.UserInfo.DAL\SIAT.UserInfo.DAL.csproj", "{4AE1D676-69B9-44A0-AD46-01923A116BDB}"
EndProject
Project("{FAE04EC0-301F-11D3-BF4B-00C04F79EFBC}") = "SIAT.IISServices", "SIAT.IISServices\SIAT.IISServices.csproj", "{5C7495E3-8665-48F8-8379-59B62AAFE958}"
EndProject
Project("{FAE04EC0-301F-11D3-BF4B-00C04F79EFBC}") = "MS.OSM.Querys", "..\..\MS_OSM_Querys\src\MS.OSM.Querys\MS.OSM.Querys\MS.OSM.Querys.csproj", "{FC262993-D8C5-4D54-BD8B-6E690DEF1AC6}"
EndProject
Global
	GlobalSection(TestCaseManagementSettings) = postSolution
		CategoryFile = SIAT.vsmdi
	EndGlobalSection
	GlobalSection(SolutionConfigurationPlatforms) = preSolution
		Debug|Any CPU = Debug|Any CPU
		Debug|Mixed Platforms = Debug|Mixed Platforms
		Debug|x86 = Debug|x86
		Release|Any CPU = Release|Any CPU
		Release|Mixed Platforms = Release|Mixed Platforms
		Release|x86 = Release|x86
	EndGlobalSection
	GlobalSection(ProjectConfigurationPlatforms) = postSolution
		{6E0C571F-7BBD-4B27-A174-D849E1E7D814}.Debug|Any CPU.ActiveCfg = Debug|Any CPU
		{6E0C571F-7BBD-4B27-A174-D849E1E7D814}.Debug|Any CPU.Build.0 = Debug|Any CPU
		{6E0C571F-7BBD-4B27-A174-D849E1E7D814}.Debug|Mixed Platforms.ActiveCfg = Debug|Any CPU
		{6E0C571F-7BBD-4B27-A174-D849E1E7D814}.Debug|Mixed Platforms.Build.0 = Debug|Any CPU
		{6E0C571F-7BBD-4B27-A174-D849E1E7D814}.Debug|x86.ActiveCfg = Debug|Any CPU
		{6E0C571F-7BBD-4B27-A174-D849E1E7D814}.Release|Any CPU.ActiveCfg = Release|Any CPU
		{6E0C571F-7BBD-4B27-A174-D849E1E7D814}.Release|Any CPU.Build.0 = Release|Any CPU
		{6E0C571F-7BBD-4B27-A174-D849E1E7D814}.Release|Mixed Platforms.ActiveCfg = Release|Any CPU
		{6E0C571F-7BBD-4B27-A174-D849E1E7D814}.Release|Mixed Platforms.Build.0 = Release|Any CPU
		{6E0C571F-7BBD-4B27-A174-D849E1E7D814}.Release|x86.ActiveCfg = Release|Any CPU
		{29E4429F-6D17-4685-BC86-961A7B655D0D}.Debug|Any CPU.ActiveCfg = Debug|Any CPU
		{29E4429F-6D17-4685-BC86-961A7B655D0D}.Debug|Any CPU.Build.0 = Debug|Any CPU
		{29E4429F-6D17-4685-BC86-961A7B655D0D}.Debug|Mixed Platforms.ActiveCfg = Debug|Any CPU
		{29E4429F-6D17-4685-BC86-961A7B655D0D}.Debug|Mixed Platforms.Build.0 = Debug|Any CPU
		{29E4429F-6D17-4685-BC86-961A7B655D0D}.Debug|x86.ActiveCfg = Debug|Any CPU
		{29E4429F-6D17-4685-BC86-961A7B655D0D}.Release|Any CPU.ActiveCfg = Release|Any CPU
		{29E4429F-6D17-4685-BC86-961A7B655D0D}.Release|Any CPU.Build.0 = Release|Any CPU
		{29E4429F-6D17-4685-BC86-961A7B655D0D}.Release|Mixed Platforms.ActiveCfg = Release|Any CPU
		{29E4429F-6D17-4685-BC86-961A7B655D0D}.Release|Mixed Platforms.Build.0 = Release|Any CPU
		{29E4429F-6D17-4685-BC86-961A7B655D0D}.Release|x86.ActiveCfg = Release|Any CPU
		{0B42E3A0-E1DD-4BE1-AAA8-7994DF0A1A81}.Debug|Any CPU.ActiveCfg = Debug|Any CPU
		{0B42E3A0-E1DD-4BE1-AAA8-7994DF0A1A81}.Debug|Any CPU.Build.0 = Debug|Any CPU
		{0B42E3A0-E1DD-4BE1-AAA8-7994DF0A1A81}.Debug|Any CPU.Deploy.0 = Debug|Any CPU
		{0B42E3A0-E1DD-4BE1-AAA8-7994DF0A1A81}.Debug|Mixed Platforms.ActiveCfg = Debug|Any CPU
		{0B42E3A0-E1DD-4BE1-AAA8-7994DF0A1A81}.Debug|Mixed Platforms.Build.0 = Debug|Any CPU
		{0B42E3A0-E1DD-4BE1-AAA8-7994DF0A1A81}.Debug|Mixed Platforms.Deploy.0 = Debug|Any CPU
		{0B42E3A0-E1DD-4BE1-AAA8-7994DF0A1A81}.Debug|x86.ActiveCfg = Debug|Any CPU
		{0B42E3A0-E1DD-4BE1-AAA8-7994DF0A1A81}.Release|Any CPU.ActiveCfg = Release|Any CPU
		{0B42E3A0-E1DD-4BE1-AAA8-7994DF0A1A81}.Release|Any CPU.Build.0 = Release|Any CPU
		{0B42E3A0-E1DD-4BE1-AAA8-7994DF0A1A81}.Release|Any CPU.Deploy.0 = Release|Any CPU
		{0B42E3A0-E1DD-4BE1-AAA8-7994DF0A1A81}.Release|Mixed Platforms.ActiveCfg = Release|Any CPU
		{0B42E3A0-E1DD-4BE1-AAA8-7994DF0A1A81}.Release|Mixed Platforms.Build.0 = Release|Any CPU
		{0B42E3A0-E1DD-4BE1-AAA8-7994DF0A1A81}.Release|Mixed Platforms.Deploy.0 = Release|Any CPU
		{0B42E3A0-E1DD-4BE1-AAA8-7994DF0A1A81}.Release|x86.ActiveCfg = Release|Any CPU
		{4D6C949D-4547-4582-A6BD-03A78C68FEAC}.Debug|Any CPU.ActiveCfg = Debug|Any CPU
		{4D6C949D-4547-4582-A6BD-03A78C68FEAC}.Debug|Any CPU.Build.0 = Debug|Any CPU
		{4D6C949D-4547-4582-A6BD-03A78C68FEAC}.Debug|Mixed Platforms.ActiveCfg = Debug|Any CPU
		{4D6C949D-4547-4582-A6BD-03A78C68FEAC}.Debug|Mixed Platforms.Build.0 = Debug|Any CPU
		{4D6C949D-4547-4582-A6BD-03A78C68FEAC}.Debug|x86.ActiveCfg = Debug|Any CPU
		{4D6C949D-4547-4582-A6BD-03A78C68FEAC}.Release|Any CPU.ActiveCfg = Release|Any CPU
		{4D6C949D-4547-4582-A6BD-03A78C68FEAC}.Release|Any CPU.Build.0 = Release|Any CPU
		{4D6C949D-4547-4582-A6BD-03A78C68FEAC}.Release|Mixed Platforms.ActiveCfg = Release|Any CPU
		{4D6C949D-4547-4582-A6BD-03A78C68FEAC}.Release|Mixed Platforms.Build.0 = Release|Any CPU
		{4D6C949D-4547-4582-A6BD-03A78C68FEAC}.Release|x86.ActiveCfg = Release|Any CPU
		{9E12BA09-FF99-42F1-BE73-9CC7A6E80E95}.Debug|Any CPU.ActiveCfg = Debug|Any CPU
		{9E12BA09-FF99-42F1-BE73-9CC7A6E80E95}.Debug|Any CPU.Build.0 = Debug|Any CPU
		{9E12BA09-FF99-42F1-BE73-9CC7A6E80E95}.Debug|Mixed Platforms.ActiveCfg = Debug|Any CPU
		{9E12BA09-FF99-42F1-BE73-9CC7A6E80E95}.Debug|Mixed Platforms.Build.0 = Debug|Any CPU
		{9E12BA09-FF99-42F1-BE73-9CC7A6E80E95}.Debug|x86.ActiveCfg = Debug|Any CPU
		{9E12BA09-FF99-42F1-BE73-9CC7A6E80E95}.Release|Any CPU.ActiveCfg = Release|Any CPU
		{9E12BA09-FF99-42F1-BE73-9CC7A6E80E95}.Release|Any CPU.Build.0 = Release|Any CPU
		{9E12BA09-FF99-42F1-BE73-9CC7A6E80E95}.Release|Mixed Platforms.ActiveCfg = Release|Any CPU
		{9E12BA09-FF99-42F1-BE73-9CC7A6E80E95}.Release|Mixed Platforms.Build.0 = Release|Any CPU
		{9E12BA09-FF99-42F1-BE73-9CC7A6E80E95}.Release|x86.ActiveCfg = Release|Any CPU
		{E2F44D39-CE68-4691-BB64-69F011E8B437}.Debug|Any CPU.ActiveCfg = Debug|Any CPU
		{E2F44D39-CE68-4691-BB64-69F011E8B437}.Debug|Any CPU.Build.0 = Debug|Any CPU
		{E2F44D39-CE68-4691-BB64-69F011E8B437}.Debug|Mixed Platforms.ActiveCfg = Debug|Any CPU
		{E2F44D39-CE68-4691-BB64-69F011E8B437}.Debug|Mixed Platforms.Build.0 = Debug|Any CPU
		{E2F44D39-CE68-4691-BB64-69F011E8B437}.Debug|x86.ActiveCfg = Debug|Any CPU
		{E2F44D39-CE68-4691-BB64-69F011E8B437}.Release|Any CPU.ActiveCfg = Release|Any CPU
		{E2F44D39-CE68-4691-BB64-69F011E8B437}.Release|Any CPU.Build.0 = Release|Any CPU
		{E2F44D39-CE68-4691-BB64-69F011E8B437}.Release|Mixed Platforms.ActiveCfg = Release|Any CPU
		{E2F44D39-CE68-4691-BB64-69F011E8B437}.Release|Mixed Platforms.Build.0 = Release|Any CPU
		{E2F44D39-CE68-4691-BB64-69F011E8B437}.Release|x86.ActiveCfg = Release|Any CPU
		{D1721A25-B9F1-4ACC-B51C-9A2BBBC6DC54}.Debug|Any CPU.ActiveCfg = Debug|x86
		{D1721A25-B9F1-4ACC-B51C-9A2BBBC6DC54}.Debug|Mixed Platforms.ActiveCfg = Debug|x86
		{D1721A25-B9F1-4ACC-B51C-9A2BBBC6DC54}.Debug|Mixed Platforms.Build.0 = Debug|x86
		{D1721A25-B9F1-4ACC-B51C-9A2BBBC6DC54}.Debug|x86.ActiveCfg = Debug|x86
		{D1721A25-B9F1-4ACC-B51C-9A2BBBC6DC54}.Debug|x86.Build.0 = Debug|x86
		{D1721A25-B9F1-4ACC-B51C-9A2BBBC6DC54}.Release|Any CPU.ActiveCfg = Release|Any CPU
		{D1721A25-B9F1-4ACC-B51C-9A2BBBC6DC54}.Release|Any CPU.Build.0 = Release|Any CPU
		{D1721A25-B9F1-4ACC-B51C-9A2BBBC6DC54}.Release|Mixed Platforms.ActiveCfg = Release|x86
		{D1721A25-B9F1-4ACC-B51C-9A2BBBC6DC54}.Release|Mixed Platforms.Build.0 = Release|x86
		{D1721A25-B9F1-4ACC-B51C-9A2BBBC6DC54}.Release|x86.ActiveCfg = Release|x86
		{D1721A25-B9F1-4ACC-B51C-9A2BBBC6DC54}.Release|x86.Build.0 = Release|x86
		{2EE0695E-1C2B-48A3-ABDF-739904A98DC2}.Debug|Any CPU.ActiveCfg = Debug|Any CPU
		{2EE0695E-1C2B-48A3-ABDF-739904A98DC2}.Debug|Any CPU.Build.0 = Debug|Any CPU
		{2EE0695E-1C2B-48A3-ABDF-739904A98DC2}.Debug|Mixed Platforms.ActiveCfg = Debug|Any CPU
		{2EE0695E-1C2B-48A3-ABDF-739904A98DC2}.Debug|Mixed Platforms.Build.0 = Debug|Any CPU
		{2EE0695E-1C2B-48A3-ABDF-739904A98DC2}.Debug|x86.ActiveCfg = Debug|Any CPU
		{2EE0695E-1C2B-48A3-ABDF-739904A98DC2}.Release|Any CPU.ActiveCfg = Release|Any CPU
		{2EE0695E-1C2B-48A3-ABDF-739904A98DC2}.Release|Any CPU.Build.0 = Release|Any CPU
		{2EE0695E-1C2B-48A3-ABDF-739904A98DC2}.Release|Mixed Platforms.ActiveCfg = Release|Any CPU
		{2EE0695E-1C2B-48A3-ABDF-739904A98DC2}.Release|Mixed Platforms.Build.0 = Release|Any CPU
		{2EE0695E-1C2B-48A3-ABDF-739904A98DC2}.Release|x86.ActiveCfg = Release|Any CPU
		{18B4DD23-5177-4F67-8AEB-06E8E6C68D23}.Debug|Any CPU.ActiveCfg = Debug|x86
		{18B4DD23-5177-4F67-8AEB-06E8E6C68D23}.Debug|Mixed Platforms.ActiveCfg = Debug|x86
		{18B4DD23-5177-4F67-8AEB-06E8E6C68D23}.Debug|Mixed Platforms.Build.0 = Debug|x86
		{18B4DD23-5177-4F67-8AEB-06E8E6C68D23}.Debug|x86.ActiveCfg = Debug|x86
		{18B4DD23-5177-4F67-8AEB-06E8E6C68D23}.Debug|x86.Build.0 = Debug|x86
		{18B4DD23-5177-4F67-8AEB-06E8E6C68D23}.Release|Any CPU.ActiveCfg = Release|x86
		{18B4DD23-5177-4F67-8AEB-06E8E6C68D23}.Release|Mixed Platforms.ActiveCfg = Release|x86
		{18B4DD23-5177-4F67-8AEB-06E8E6C68D23}.Release|Mixed Platforms.Build.0 = Release|x86
		{18B4DD23-5177-4F67-8AEB-06E8E6C68D23}.Release|x86.ActiveCfg = Release|x86
		{18B4DD23-5177-4F67-8AEB-06E8E6C68D23}.Release|x86.Build.0 = Release|x86
		{9245631A-C848-4D54-9EAB-42F53431B9C3}.Debug|Any CPU.ActiveCfg = Debug|Any CPU
		{9245631A-C848-4D54-9EAB-42F53431B9C3}.Debug|Any CPU.Build.0 = Debug|Any CPU
		{9245631A-C848-4D54-9EAB-42F53431B9C3}.Debug|Mixed Platforms.ActiveCfg = Debug|Any CPU
		{9245631A-C848-4D54-9EAB-42F53431B9C3}.Debug|Mixed Platforms.Build.0 = Debug|Any CPU
		{9245631A-C848-4D54-9EAB-42F53431B9C3}.Debug|x86.ActiveCfg = Debug|Any CPU
		{9245631A-C848-4D54-9EAB-42F53431B9C3}.Release|Any CPU.ActiveCfg = Release|Any CPU
		{9245631A-C848-4D54-9EAB-42F53431B9C3}.Release|Any CPU.Build.0 = Release|Any CPU
		{9245631A-C848-4D54-9EAB-42F53431B9C3}.Release|Mixed Platforms.ActiveCfg = Release|Any CPU
		{9245631A-C848-4D54-9EAB-42F53431B9C3}.Release|Mixed Platforms.Build.0 = Release|Any CPU
		{9245631A-C848-4D54-9EAB-42F53431B9C3}.Release|x86.ActiveCfg = Release|Any CPU
		{DCDA7AEA-0914-4DAC-BFDB-03ACDD392A64}.Debug|Any CPU.ActiveCfg = Debug|x86
		{DCDA7AEA-0914-4DAC-BFDB-03ACDD392A64}.Debug|Mixed Platforms.ActiveCfg = Debug|x86
		{DCDA7AEA-0914-4DAC-BFDB-03ACDD392A64}.Debug|Mixed Platforms.Build.0 = Debug|x86
		{DCDA7AEA-0914-4DAC-BFDB-03ACDD392A64}.Debug|x86.ActiveCfg = Debug|x86
		{DCDA7AEA-0914-4DAC-BFDB-03ACDD392A64}.Debug|x86.Build.0 = Debug|x86
		{DCDA7AEA-0914-4DAC-BFDB-03ACDD392A64}.Release|Any CPU.ActiveCfg = Release|Any CPU
		{DCDA7AEA-0914-4DAC-BFDB-03ACDD392A64}.Release|Mixed Platforms.ActiveCfg = Release|x86
		{DCDA7AEA-0914-4DAC-BFDB-03ACDD392A64}.Release|Mixed Platforms.Build.0 = Release|x86
		{DCDA7AEA-0914-4DAC-BFDB-03ACDD392A64}.Release|x86.ActiveCfg = Release|x86
		{DCDA7AEA-0914-4DAC-BFDB-03ACDD392A64}.Release|x86.Build.0 = Release|x86
		{2BA957E7-423B-47E9-BA80-946F71A5B9B3}.Debug|Any CPU.ActiveCfg = Release|Any CPU
		{2BA957E7-423B-47E9-BA80-946F71A5B9B3}.Debug|Any CPU.Build.0 = Release|Any CPU
		{2BA957E7-423B-47E9-BA80-946F71A5B9B3}.Debug|Mixed Platforms.ActiveCfg = Debug|Any CPU
		{2BA957E7-423B-47E9-BA80-946F71A5B9B3}.Debug|Mixed Platforms.Build.0 = Debug|Any CPU
		{2BA957E7-423B-47E9-BA80-946F71A5B9B3}.Debug|x86.ActiveCfg = Debug|Any CPU
		{2BA957E7-423B-47E9-BA80-946F71A5B9B3}.Debug|x86.Build.0 = Debug|Any CPU
		{2BA957E7-423B-47E9-BA80-946F71A5B9B3}.Release|Any CPU.ActiveCfg = Release|Any CPU
		{2BA957E7-423B-47E9-BA80-946F71A5B9B3}.Release|Any CPU.Build.0 = Release|Any CPU
		{2BA957E7-423B-47E9-BA80-946F71A5B9B3}.Release|Mixed Platforms.ActiveCfg = Release|Any CPU
		{2BA957E7-423B-47E9-BA80-946F71A5B9B3}.Release|Mixed Platforms.Build.0 = Release|Any CPU
		{2BA957E7-423B-47E9-BA80-946F71A5B9B3}.Release|x86.ActiveCfg = Release|Any CPU
		{46C77A61-7F86-4CBB-988E-D128619F6D7E}.Debug|Any CPU.ActiveCfg = Debug|x86
		{46C77A61-7F86-4CBB-988E-D128619F6D7E}.Debug|Mixed Platforms.ActiveCfg = Debug|x86
		{46C77A61-7F86-4CBB-988E-D128619F6D7E}.Debug|Mixed Platforms.Build.0 = Debug|x86
		{46C77A61-7F86-4CBB-988E-D128619F6D7E}.Debug|x86.ActiveCfg = Debug|x86
		{46C77A61-7F86-4CBB-988E-D128619F6D7E}.Debug|x86.Build.0 = Debug|x86
		{46C77A61-7F86-4CBB-988E-D128619F6D7E}.Release|Any CPU.ActiveCfg = Release|x86
		{46C77A61-7F86-4CBB-988E-D128619F6D7E}.Release|Mixed Platforms.ActiveCfg = Release|x86
		{46C77A61-7F86-4CBB-988E-D128619F6D7E}.Release|Mixed Platforms.Build.0 = Release|x86
		{46C77A61-7F86-4CBB-988E-D128619F6D7E}.Release|x86.ActiveCfg = Release|x86
		{46C77A61-7F86-4CBB-988E-D128619F6D7E}.Release|x86.Build.0 = Release|x86
		{C13CFC0E-4962-459F-A322-18B273765553}.Debug|Any CPU.ActiveCfg = Debug|Any CPU
		{C13CFC0E-4962-459F-A322-18B273765553}.Debug|Any CPU.Build.0 = Debug|Any CPU
		{C13CFC0E-4962-459F-A322-18B273765553}.Debug|Mixed Platforms.ActiveCfg = Debug|Any CPU
		{C13CFC0E-4962-459F-A322-18B273765553}.Debug|Mixed Platforms.Build.0 = Debug|Any CPU
		{C13CFC0E-4962-459F-A322-18B273765553}.Debug|x86.ActiveCfg = Debug|Any CPU
		{C13CFC0E-4962-459F-A322-18B273765553}.Release|Any CPU.ActiveCfg = Release|Any CPU
		{C13CFC0E-4962-459F-A322-18B273765553}.Release|Any CPU.Build.0 = Release|Any CPU
		{C13CFC0E-4962-459F-A322-18B273765553}.Release|Mixed Platforms.ActiveCfg = Release|Any CPU
		{C13CFC0E-4962-459F-A322-18B273765553}.Release|Mixed Platforms.Build.0 = Release|Any CPU
		{C13CFC0E-4962-459F-A322-18B273765553}.Release|x86.ActiveCfg = Release|Any CPU
		{B788143F-F242-42DB-9714-EC66A53DC1DD}.Debug|Any CPU.ActiveCfg = Debug|x86
		{B788143F-F242-42DB-9714-EC66A53DC1DD}.Debug|Mixed Platforms.ActiveCfg = Debug|x86
		{B788143F-F242-42DB-9714-EC66A53DC1DD}.Debug|Mixed Platforms.Build.0 = Debug|x86
		{B788143F-F242-42DB-9714-EC66A53DC1DD}.Debug|x86.ActiveCfg = Debug|x86
		{B788143F-F242-42DB-9714-EC66A53DC1DD}.Debug|x86.Build.0 = Debug|x86
		{B788143F-F242-42DB-9714-EC66A53DC1DD}.Release|Any CPU.ActiveCfg = Release|Any CPU
		{B788143F-F242-42DB-9714-EC66A53DC1DD}.Release|Any CPU.Build.0 = Release|Any CPU
		{B788143F-F242-42DB-9714-EC66A53DC1DD}.Release|Mixed Platforms.ActiveCfg = Release|x86
		{B788143F-F242-42DB-9714-EC66A53DC1DD}.Release|Mixed Platforms.Build.0 = Release|x86
		{B788143F-F242-42DB-9714-EC66A53DC1DD}.Release|x86.ActiveCfg = Release|x86
		{B788143F-F242-42DB-9714-EC66A53DC1DD}.Release|x86.Build.0 = Release|x86
		{F54D9104-C9A8-4190-964A-11BFBEB87DFC}.Debug|Any CPU.ActiveCfg = Debug|Any CPU
		{F54D9104-C9A8-4190-964A-11BFBEB87DFC}.Debug|Any CPU.Build.0 = Debug|Any CPU
		{F54D9104-C9A8-4190-964A-11BFBEB87DFC}.Debug|Mixed Platforms.ActiveCfg = Debug|Any CPU
		{F54D9104-C9A8-4190-964A-11BFBEB87DFC}.Debug|Mixed Platforms.Build.0 = Debug|Any CPU
		{F54D9104-C9A8-4190-964A-11BFBEB87DFC}.Debug|x86.ActiveCfg = Debug|Any CPU
		{F54D9104-C9A8-4190-964A-11BFBEB87DFC}.Release|Any CPU.ActiveCfg = Release|Any CPU
		{F54D9104-C9A8-4190-964A-11BFBEB87DFC}.Release|Any CPU.Build.0 = Release|Any CPU
		{F54D9104-C9A8-4190-964A-11BFBEB87DFC}.Release|Mixed Platforms.ActiveCfg = Release|Any CPU
		{F54D9104-C9A8-4190-964A-11BFBEB87DFC}.Release|Mixed Platforms.Build.0 = Release|Any CPU
		{F54D9104-C9A8-4190-964A-11BFBEB87DFC}.Release|x86.ActiveCfg = Release|Any CPU
		{4AE1D676-69B9-44A0-AD46-01923A116BDB}.Debug|Any CPU.ActiveCfg = Debug|Any CPU
		{4AE1D676-69B9-44A0-AD46-01923A116BDB}.Debug|Any CPU.Build.0 = Debug|Any CPU
		{4AE1D676-69B9-44A0-AD46-01923A116BDB}.Debug|Mixed Platforms.ActiveCfg = Debug|Any CPU
		{4AE1D676-69B9-44A0-AD46-01923A116BDB}.Debug|Mixed Platforms.Build.0 = Debug|Any CPU
		{4AE1D676-69B9-44A0-AD46-01923A116BDB}.Debug|x86.ActiveCfg = Debug|Any CPU
		{4AE1D676-69B9-44A0-AD46-01923A116BDB}.Release|Any CPU.ActiveCfg = Release|Any CPU
		{4AE1D676-69B9-44A0-AD46-01923A116BDB}.Release|Any CPU.Build.0 = Release|Any CPU
		{4AE1D676-69B9-44A0-AD46-01923A116BDB}.Release|Mixed Platforms.ActiveCfg = Release|Any CPU
		{4AE1D676-69B9-44A0-AD46-01923A116BDB}.Release|Mixed Platforms.Build.0 = Release|Any CPU
		{4AE1D676-69B9-44A0-AD46-01923A116BDB}.Release|x86.ActiveCfg = Release|Any CPU
		{5C7495E3-8665-48F8-8379-59B62AAFE958}.Debug|Any CPU.ActiveCfg = Debug|Any CPU
		{5C7495E3-8665-48F8-8379-59B62AAFE958}.Debug|Any CPU.Build.0 = Debug|Any CPU
		{5C7495E3-8665-48F8-8379-59B62AAFE958}.Debug|Mixed Platforms.ActiveCfg = Debug|Any CPU
		{5C7495E3-8665-48F8-8379-59B62AAFE958}.Debug|Mixed Platforms.Build.0 = Debug|Any CPU
		{5C7495E3-8665-48F8-8379-59B62AAFE958}.Debug|x86.ActiveCfg = Debug|Any CPU
		{5C7495E3-8665-48F8-8379-59B62AAFE958}.Release|Any CPU.ActiveCfg = Release|Any CPU
		{5C7495E3-8665-48F8-8379-59B62AAFE958}.Release|Any CPU.Build.0 = Release|Any CPU
		{5C7495E3-8665-48F8-8379-59B62AAFE958}.Release|Mixed Platforms.ActiveCfg = Release|Any CPU
		{5C7495E3-8665-48F8-8379-59B62AAFE958}.Release|Mixed Platforms.Build.0 = Release|Any CPU
		{5C7495E3-8665-48F8-8379-59B62AAFE958}.Release|x86.ActiveCfg = Release|Any CPU
		{FC262993-D8C5-4D54-BD8B-6E690DEF1AC6}.Debug|Any CPU.ActiveCfg = Debug|Any CPU
		{FC262993-D8C5-4D54-BD8B-6E690DEF1AC6}.Debug|Any CPU.Build.0 = Debug|Any CPU
		{FC262993-D8C5-4D54-BD8B-6E690DEF1AC6}.Debug|Mixed Platforms.ActiveCfg = Debug|Any CPU
		{FC262993-D8C5-4D54-BD8B-6E690DEF1AC6}.Debug|Mixed Platforms.Build.0 = Debug|Any CPU
		{FC262993-D8C5-4D54-BD8B-6E690DEF1AC6}.Debug|x86.ActiveCfg = Debug|Any CPU
		{FC262993-D8C5-4D54-BD8B-6E690DEF1AC6}.Release|Any CPU.ActiveCfg = Release|Any CPU
		{FC262993-D8C5-4D54-BD8B-6E690DEF1AC6}.Release|Any CPU.Build.0 = Release|Any CPU
		{FC262993-D8C5-4D54-BD8B-6E690DEF1AC6}.Release|Mixed Platforms.ActiveCfg = Release|Any CPU
		{FC262993-D8C5-4D54-BD8B-6E690DEF1AC6}.Release|Mixed Platforms.Build.0 = Release|Any CPU
		{FC262993-D8C5-4D54-BD8B-6E690DEF1AC6}.Release|x86.ActiveCfg = Release|Any CPU
	EndGlobalSection
	GlobalSection(SolutionProperties) = preSolution
		HideSolutionNode = FALSE
	EndGlobalSection
	GlobalSection(NestedProjects) = preSolution
		{6E0C571F-7BBD-4B27-A174-D849E1E7D814} = {9F6D586F-5632-42AB-A462-DBE963B1831A}
		{C13CFC0E-4962-459F-A322-18B273765553} = {9F6D586F-5632-42AB-A462-DBE963B1831A}
		{26A40FB3-C0ED-40B7-B894-25BB8595B373} = {686900F5-8B1D-4938-873C-F0FAA98FEC6B}
		{18B4DD23-5177-4F67-8AEB-06E8E6C68D23} = {686900F5-8B1D-4938-873C-F0FAA98FEC6B}
		{C128D6D4-015E-4BCB-ABC5-A99131A1E928} = {686900F5-8B1D-4938-873C-F0FAA98FEC6B}
		{AB1118BC-D3E7-4936-BC0C-0200751B32DF} = {686900F5-8B1D-4938-873C-F0FAA98FEC6B}
		{FC262993-D8C5-4D54-BD8B-6E690DEF1AC6} = {686900F5-8B1D-4938-873C-F0FAA98FEC6B}
		{322F06B3-386D-49D0-A4F5-B5D6E81B71BA} = {A21C6C38-ED20-4463-BC71-91A288C701ED}
		{413013F7-999A-4859-9D09-E71168600978} = {A21C6C38-ED20-4463-BC71-91A288C701ED}
		{DD896952-4AE7-4929-8793-E17AD751793C} = {C7C8F990-0793-4E1A-9C40-5891F8A483F5}
		{46C77A61-7F86-4CBB-988E-D128619F6D7E} = {C7C8F990-0793-4E1A-9C40-5891F8A483F5}
		{29E4429F-6D17-4685-BC86-961A7B655D0D} = {26A40FB3-C0ED-40B7-B894-25BB8595B373}
		{DCDA7AEA-0914-4DAC-BFDB-03ACDD392A64} = {26A40FB3-C0ED-40B7-B894-25BB8595B373}
		{2BA957E7-423B-47E9-BA80-946F71A5B9B3} = {26A40FB3-C0ED-40B7-B894-25BB8595B373}
		{5C7495E3-8665-48F8-8379-59B62AAFE958} = {26A40FB3-C0ED-40B7-B894-25BB8595B373}
		{0B42E3A0-E1DD-4BE1-AAA8-7994DF0A1A81} = {322F06B3-386D-49D0-A4F5-B5D6E81B71BA}
		{E2F44D39-CE68-4691-BB64-69F011E8B437} = {322F06B3-386D-49D0-A4F5-B5D6E81B71BA}
		{D1721A25-B9F1-4ACC-B51C-9A2BBBC6DC54} = {322F06B3-386D-49D0-A4F5-B5D6E81B71BA}
		{2EE0695E-1C2B-48A3-ABDF-739904A98DC2} = {322F06B3-386D-49D0-A4F5-B5D6E81B71BA}
		{9E12BA09-FF99-42F1-BE73-9CC7A6E80E95} = {413013F7-999A-4859-9D09-E71168600978}
		{4D6C949D-4547-4582-A6BD-03A78C68FEAC} = {413013F7-999A-4859-9D09-E71168600978}
		{9245631A-C848-4D54-9EAB-42F53431B9C3} = {C128D6D4-015E-4BCB-ABC5-A99131A1E928}
		{B788143F-F242-42DB-9714-EC66A53DC1DD} = {AB1118BC-D3E7-4936-BC0C-0200751B32DF}
		{F54D9104-C9A8-4190-964A-11BFBEB87DFC} = {AB1118BC-D3E7-4936-BC0C-0200751B32DF}
		{4AE1D676-69B9-44A0-AD46-01923A116BDB} = {AB1118BC-D3E7-4936-BC0C-0200751B32DF}
	EndGlobalSection
EndGlobal
